
Microsoft Visual Studio Solution File, Format Version 12.00
# Visual Studio Version 17
VisualStudioVersion = 17.13.35818.85 d17.13
MinimumVisualStudioVersion = 10.0.40219.1
Project("{FAE04EC0-301F-11D3-BF4B-00C04F79EFBC}") = "AwesomeGICBank1", "AwesomeGICBank1.csproj", "{E49D7232-B611-4555-ABA5-339F45F28993}"
EndProject
Project("{FAE04EC0-301F-11D3-BF4B-00C04F79EFBC}") = "AwesomeGICBank1.Tests", "BankAccountTests\AwesomeGICBank1.Tests.csproj", "{5B4C8416-C65C-44C4-9C5B-B3465285A223}"
EndProject
Global
	GlobalSection(SolutionConfigurationPlatforms) = preSolution
		Debug|Any CPU = Debug|Any CPU
		Release|Any CPU = Release|Any CPU
	EndGlobalSection
	GlobalSection(ProjectConfigurationPlatforms) = postSolution
		{E49D7232-B611-4555-ABA5-339F45F28993}.Debug|Any CPU.ActiveCfg = Debug|Any CPU
		{E49D7232-B611-4555-ABA5-339F45F28993}.Debug|Any CPU.Build.0 = Debug|Any CPU
		{E49D7232-B611-4555-ABA5-339F45F28993}.Release|Any CPU.ActiveCfg = Release|Any CPU
		{E49D7232-B611-4555-ABA5-339F45F28993}.Release|Any CPU.Build.0 = Release|Any CPU
		{5B4C8416-C65C-44C4-9C5B-B3465285A223}.Debug|Any CPU.ActiveCfg = Debug|Any CPU
		{5B4C8416-C65C-44C4-9C5B-B3465285A223}.Debug|Any CPU.Build.0 = Debug|Any CPU
		{5B4C8416-C65C-44C4-9C5B-B3465285A223}.Release|Any CPU.ActiveCfg = Release|Any CPU
		{5B4C8416-C65C-44C4-9C5B-B3465285A223}.Release|Any CPU.Build.0 = Release|Any CPU
	EndGlobalSection
	GlobalSection(SolutionProperties) = preSolution
		HideSolutionNode = FALSE
	EndGlobalSection
	GlobalSection(ExtensibilityGlobals) = postSolution
		SolutionGuid = {FF5C6D14-5D57-49CC-8C77-2F1809209D8D}
	EndGlobalSection
EndGlobal
